// !$*UTF8*$!
{
	archiveVersion = 1;
	classes = {
	};
	objectVersion = 46;
	objects = {

/* Begin PBXBuildFile section */
		OBJ_56 /* Cache.swift in Sources */ = {isa = PBXBuildFile; fileRef = OBJ_11 /* Cache.swift */; };
		OBJ_57 /* CacheImage.swift in Sources */ = {isa = PBXBuildFile; fileRef = OBJ_12 /* CacheImage.swift */; };
		OBJ_58 /* CacheKey.swift in Sources */ = {isa = PBXBuildFile; fileRef = OBJ_13 /* CacheKey.swift */; };
		OBJ_59 /* DateGenerator.swift in Sources */ = {isa = PBXBuildFile; fileRef = OBJ_14 /* DateGenerator.swift */; };
		OBJ_60 /* DiskCache.swift in Sources */ = {isa = PBXBuildFile; fileRef = OBJ_15 /* DiskCache.swift */; };
		OBJ_61 /* MemoryCache.swift in Sources */ = {isa = PBXBuildFile; fileRef = OBJ_16 /* MemoryCache.swift */; };
		OBJ_62 /* Config.swift in Sources */ = {isa = PBXBuildFile; fileRef = OBJ_17 /* Config.swift */; };
		OBJ_63 /* ImageDownloader.swift in Sources */ = {isa = PBXBuildFile; fileRef = OBJ_19 /* ImageDownloader.swift */; };
		OBJ_64 /* ImageDownloaderSession.swift in Sources */ = {isa = PBXBuildFile; fileRef = OBJ_20 /* ImageDownloaderSession.swift */; };
		OBJ_65 /* ImageFetcher.swift in Sources */ = {isa = PBXBuildFile; fileRef = OBJ_21 /* ImageFetcher.swift */; };
		OBJ_66 /* CIFilterImageProcessor.swift in Sources */ = {isa = PBXBuildFile; fileRef = OBJ_23 /* CIFilterImageProcessor.swift */; };
		OBJ_67 /* GaussianBlurImageProcessor.swift in Sources */ = {isa = PBXBuildFile; fileRef = OBJ_24 /* GaussianBlurImageProcessor.swift */; };
		OBJ_68 /* ImageProcessor.swift in Sources */ = {isa = PBXBuildFile; fileRef = OBJ_25 /* ImageProcessor.swift */; };
		OBJ_69 /* ImageProvider.swift in Sources */ = {isa = PBXBuildFile; fileRef = OBJ_27 /* ImageProvider.swift */; };
		OBJ_70 /* RemoteURLImageProvider.swift in Sources */ = {isa = PBXBuildFile; fileRef = OBJ_28 /* RemoteURLImageProvider.swift */; };
		OBJ_71 /* Source.swift in Sources */ = {isa = PBXBuildFile; fileRef = OBJ_29 /* Source.swift */; };
		OBJ_72 /* NativeSupport.swift in Sources */ = {isa = PBXBuildFile; fileRef = OBJ_31 /* NativeSupport.swift */; };
		OBJ_73 /* RemoteImage+Initializers.swift in Sources */ = {isa = PBXBuildFile; fileRef = OBJ_33 /* RemoteImage+Initializers.swift */; };
		OBJ_74 /* RemoteImage.swift in Sources */ = {isa = PBXBuildFile; fileRef = OBJ_34 /* RemoteImage.swift */; };
		OBJ_75 /* RemoteImageContent.swift in Sources */ = {isa = PBXBuildFile; fileRef = OBJ_35 /* RemoteImageContent.swift */; };
		OBJ_76 /* Status.swift in Sources */ = {isa = PBXBuildFile; fileRef = OBJ_36 /* Status.swift */; };
		OBJ_77 /* Data+hashed.swift in Sources */ = {isa = PBXBuildFile; fileRef = OBJ_38 /* Data+hashed.swift */; };
		OBJ_84 /* Package.swift in Sources */ = {isa = PBXBuildFile; fileRef = OBJ_6 /* Package.swift */; };
/* End PBXBuildFile section */

/* Begin PBXFileReference section */
		"Macduff::Macduff::Product" /* Macduff.framework */ = {isa = PBXFileReference; lastKnownFileType = wrapper.framework; path = Macduff.framework; sourceTree = BUILT_PRODUCTS_DIR; };
		OBJ_11 /* Cache.swift */ = {isa = PBXFileReference; lastKnownFileType = sourcecode.swift; path = Cache.swift; sourceTree = "<group>"; };
		OBJ_12 /* CacheImage.swift */ = {isa = PBXFileReference; lastKnownFileType = sourcecode.swift; path = CacheImage.swift; sourceTree = "<group>"; };
		OBJ_13 /* CacheKey.swift */ = {isa = PBXFileReference; lastKnownFileType = sourcecode.swift; path = CacheKey.swift; sourceTree = "<group>"; };
		OBJ_14 /* DateGenerator.swift */ = {isa = PBXFileReference; lastKnownFileType = sourcecode.swift; path = DateGenerator.swift; sourceTree = "<group>"; };
		OBJ_15 /* DiskCache.swift */ = {isa = PBXFileReference; lastKnownFileType = sourcecode.swift; path = DiskCache.swift; sourceTree = "<group>"; };
		OBJ_16 /* MemoryCache.swift */ = {isa = PBXFileReference; lastKnownFileType = sourcecode.swift; path = MemoryCache.swift; sourceTree = "<group>"; };
		OBJ_17 /* Config.swift */ = {isa = PBXFileReference; lastKnownFileType = sourcecode.swift; path = Config.swift; sourceTree = "<group>"; };
		OBJ_19 /* ImageDownloader.swift */ = {isa = PBXFileReference; lastKnownFileType = sourcecode.swift; path = ImageDownloader.swift; sourceTree = "<group>"; };
		OBJ_20 /* ImageDownloaderSession.swift */ = {isa = PBXFileReference; lastKnownFileType = sourcecode.swift; path = ImageDownloaderSession.swift; sourceTree = "<group>"; };
		OBJ_21 /* ImageFetcher.swift */ = {isa = PBXFileReference; lastKnownFileType = sourcecode.swift; path = ImageFetcher.swift; sourceTree = "<group>"; };
		OBJ_23 /* CIFilterImageProcessor.swift */ = {isa = PBXFileReference; lastKnownFileType = sourcecode.swift; path = CIFilterImageProcessor.swift; sourceTree = "<group>"; };
		OBJ_24 /* GaussianBlurImageProcessor.swift */ = {isa = PBXFileReference; lastKnownFileType = sourcecode.swift; path = GaussianBlurImageProcessor.swift; sourceTree = "<group>"; };
		OBJ_25 /* ImageProcessor.swift */ = {isa = PBXFileReference; lastKnownFileType = sourcecode.swift; path = ImageProcessor.swift; sourceTree = "<group>"; };
		OBJ_27 /* ImageProvider.swift */ = {isa = PBXFileReference; lastKnownFileType = sourcecode.swift; path = ImageProvider.swift; sourceTree = "<group>"; };
		OBJ_28 /* RemoteURLImageProvider.swift */ = {isa = PBXFileReference; lastKnownFileType = sourcecode.swift; path = RemoteURLImageProvider.swift; sourceTree = "<group>"; };
		OBJ_29 /* Source.swift */ = {isa = PBXFileReference; lastKnownFileType = sourcecode.swift; path = Source.swift; sourceTree = "<group>"; };
		OBJ_31 /* NativeSupport.swift */ = {isa = PBXFileReference; lastKnownFileType = sourcecode.swift; path = NativeSupport.swift; sourceTree = "<group>"; };
		OBJ_33 /* RemoteImage+Initializers.swift */ = {isa = PBXFileReference; lastKnownFileType = sourcecode.swift; path = "RemoteImage+Initializers.swift"; sourceTree = "<group>"; };
		OBJ_34 /* RemoteImage.swift */ = {isa = PBXFileReference; lastKnownFileType = sourcecode.swift; path = RemoteImage.swift; sourceTree = "<group>"; };
		OBJ_35 /* RemoteImageContent.swift */ = {isa = PBXFileReference; lastKnownFileType = sourcecode.swift; path = RemoteImageContent.swift; sourceTree = "<group>"; };
		OBJ_36 /* Status.swift */ = {isa = PBXFileReference; lastKnownFileType = sourcecode.swift; path = Status.swift; sourceTree = "<group>"; };
		OBJ_38 /* Data+hashed.swift */ = {isa = PBXFileReference; lastKnownFileType = sourcecode.swift; path = "Data+hashed.swift"; sourceTree = "<group>"; };
		OBJ_47 /* README.md */ = {isa = PBXFileReference; lastKnownFileType = net.daringfireball.markdown; path = README.md; sourceTree = "<group>"; };
		OBJ_6 /* Package.swift */ = {isa = PBXFileReference; explicitFileType = sourcecode.swift; path = Package.swift; sourceTree = "<group>"; };
		OBJ_9 /* Info.plist */ = {isa = PBXFileReference; lastKnownFileType = text.plist.xml; path = Info.plist; sourceTree = "<group>"; };
/* End PBXFileReference section */

/* Begin PBXFrameworksBuildPhase section */
		OBJ_78 /* Frameworks */ = {
			isa = PBXFrameworksBuildPhase;
			buildActionMask = 0;
			files = (
			);
			runOnlyForDeploymentPostprocessing = 0;
		};
/* End PBXFrameworksBuildPhase section */

/* Begin PBXGroup section */
		OBJ_10 /* Cache */ = {
			isa = PBXGroup;
			children = (
				OBJ_11 /* Cache.swift */,
				OBJ_12 /* CacheImage.swift */,
				OBJ_13 /* CacheKey.swift */,
				OBJ_14 /* DateGenerator.swift */,
				OBJ_15 /* DiskCache.swift */,
				OBJ_16 /* MemoryCache.swift */,
			);
			path = Cache;
			sourceTree = "<group>";
		};
		OBJ_18 /* ImageDownloader */ = {
			isa = PBXGroup;
			children = (
				OBJ_19 /* ImageDownloader.swift */,
				OBJ_20 /* ImageDownloaderSession.swift */,
			);
			path = ImageDownloader;
			sourceTree = "<group>";
		};
		OBJ_22 /* ImageProcessor */ = {
			isa = PBXGroup;
			children = (
				OBJ_23 /* CIFilterImageProcessor.swift */,
				OBJ_24 /* GaussianBlurImageProcessor.swift */,
				OBJ_25 /* ImageProcessor.swift */,
			);
			path = ImageProcessor;
			sourceTree = "<group>";
		};
		OBJ_26 /* ImageProvider */ = {
			isa = PBXGroup;
			children = (
				OBJ_27 /* ImageProvider.swift */,
				OBJ_28 /* RemoteURLImageProvider.swift */,
				OBJ_29 /* Source.swift */,
			);
			path = ImageProvider;
			sourceTree = "<group>";
		};
		OBJ_30 /* NativeSupport */ = {
			isa = PBXGroup;
			children = (
				OBJ_31 /* NativeSupport.swift */,
			);
			path = NativeSupport;
			sourceTree = "<group>";
		};
		OBJ_32 /* RemoteImage */ = {
			isa = PBXGroup;
			children = (
				OBJ_33 /* RemoteImage+Initializers.swift */,
				OBJ_34 /* RemoteImage.swift */,
				OBJ_35 /* RemoteImageContent.swift */,
			);
			path = RemoteImage;
			sourceTree = "<group>";
		};
		OBJ_37 /* Utility */ = {
			isa = PBXGroup;
			children = (
				OBJ_38 /* Data+hashed.swift */,
			);
			path = Utility;
			sourceTree = "<group>";
		};
		OBJ_40 /* Products */ = {
			isa = PBXGroup;
			children = (
				"Macduff::Macduff::Product" /* Macduff.framework */,
			);
			name = Products;
			sourceTree = BUILT_PRODUCTS_DIR;
		};
		OBJ_5 /*  */ = {
			isa = PBXGroup;
			children = (
				OBJ_6 /* Package.swift */,
				OBJ_7 /* Sources */,
				OBJ_40 /* Products */,
				OBJ_47 /* README.md */,
			);
			name = "";
			sourceTree = "<group>";
		};
		OBJ_7 /* Sources */ = {
			isa = PBXGroup;
			children = (
				OBJ_8 /* Macduff */,
			);
			name = Sources;
			sourceTree = SOURCE_ROOT;
		};
		OBJ_8 /* Macduff */ = {
			isa = PBXGroup;
			children = (
				OBJ_9 /* Info.plist */,
				OBJ_10 /* Cache */,
				OBJ_17 /* Config.swift */,
				OBJ_18 /* ImageDownloader */,
				OBJ_21 /* ImageFetcher.swift */,
				OBJ_22 /* ImageProcessor */,
				OBJ_26 /* ImageProvider */,
				OBJ_30 /* NativeSupport */,
				OBJ_32 /* RemoteImage */,
				OBJ_36 /* Status.swift */,
				OBJ_37 /* Utility */,
			);
			name = Macduff;
			path = Sources/Macduff;
			sourceTree = SOURCE_ROOT;
		};
/* End PBXGroup section */

/* Begin PBXNativeTarget section */
		"Macduff::Macduff" /* Macduff */ = {
			isa = PBXNativeTarget;
			buildConfigurationList = OBJ_52 /* Build configuration list for PBXNativeTarget "Macduff" */;
			buildPhases = (
				OBJ_55 /* Sources */,
				OBJ_78 /* Frameworks */,
			);
			buildRules = (
			);
			dependencies = (
			);
			name = Macduff;
			productName = Macduff;
			productReference = "Macduff::Macduff::Product" /* Macduff.framework */;
			productType = "com.apple.product-type.framework";
		};
		"Macduff::SwiftPMPackageDescription" /* MacduffPackageDescription */ = {
			isa = PBXNativeTarget;
			buildConfigurationList = OBJ_80 /* Build configuration list for PBXNativeTarget "MacduffPackageDescription" */;
			buildPhases = (
				OBJ_83 /* Sources */,
			);
			buildRules = (
			);
			dependencies = (
			);
			name = MacduffPackageDescription;
			productName = MacduffPackageDescription;
			productType = "com.apple.product-type.framework";
		};
/* End PBXNativeTarget section */

/* Begin PBXProject section */
		OBJ_1 /* Project object */ = {
			isa = PBXProject;
			attributes = {
				LastSwiftMigration = 9999;
				LastUpgradeCheck = 9999;
			};
			buildConfigurationList = OBJ_2 /* Build configuration list for PBXProject "Macduff" */;
			compatibilityVersion = "Xcode 3.2";
			developmentRegion = en;
			hasScannedForEncodings = 0;
			knownRegions = (
				en,
			);
			mainGroup = OBJ_5 /*  */;
			productRefGroup = OBJ_40 /* Products */;
			projectDirPath = ..;
			projectRoot = "";
			targets = (
				"Macduff::Macduff" /* Macduff */,
				"Macduff::SwiftPMPackageDescription" /* MacduffPackageDescription */,
			);
		};
/* End PBXProject section */

/* Begin PBXSourcesBuildPhase section */
		OBJ_55 /* Sources */ = {
			isa = PBXSourcesBuildPhase;
			buildActionMask = 0;
			files = (
				OBJ_56 /* Cache.swift in Sources */,
				OBJ_57 /* CacheImage.swift in Sources */,
				OBJ_58 /* CacheKey.swift in Sources */,
				OBJ_59 /* DateGenerator.swift in Sources */,
				OBJ_60 /* DiskCache.swift in Sources */,
				OBJ_61 /* MemoryCache.swift in Sources */,
				OBJ_62 /* Config.swift in Sources */,
				OBJ_63 /* ImageDownloader.swift in Sources */,
				OBJ_64 /* ImageDownloaderSession.swift in Sources */,
				OBJ_65 /* ImageFetcher.swift in Sources */,
				OBJ_66 /* CIFilterImageProcessor.swift in Sources */,
				OBJ_67 /* GaussianBlurImageProcessor.swift in Sources */,
				OBJ_68 /* ImageProcessor.swift in Sources */,
				OBJ_69 /* ImageProvider.swift in Sources */,
				OBJ_70 /* RemoteURLImageProvider.swift in Sources */,
				OBJ_71 /* Source.swift in Sources */,
				OBJ_72 /* NativeSupport.swift in Sources */,
				OBJ_73 /* RemoteImage+Initializers.swift in Sources */,
				OBJ_74 /* RemoteImage.swift in Sources */,
				OBJ_75 /* RemoteImageContent.swift in Sources */,
				OBJ_76 /* Status.swift in Sources */,
				OBJ_77 /* Data+hashed.swift in Sources */,
			);
			runOnlyForDeploymentPostprocessing = 0;
		};
		OBJ_83 /* Sources */ = {
			isa = PBXSourcesBuildPhase;
			buildActionMask = 0;
			files = (
				OBJ_84 /* Package.swift in Sources */,
			);
			runOnlyForDeploymentPostprocessing = 0;
		};
/* End PBXSourcesBuildPhase section */

/* Begin XCBuildConfiguration section */
		OBJ_3 /* Debug */ = {
			isa = XCBuildConfiguration;
			buildSettings = {
				CLANG_ENABLE_OBJC_ARC = YES;
				COMBINE_HIDPI_IMAGES = YES;
				COPY_PHASE_STRIP = NO;
				DEBUG_INFORMATION_FORMAT = dwarf;
				DYLIB_INSTALL_NAME_BASE = "@rpath";
				ENABLE_NS_ASSERTIONS = YES;
				GCC_OPTIMIZATION_LEVEL = 0;
				GCC_PREPROCESSOR_DEFINITIONS = (
					"$(inherited)",
					"SWIFT_PACKAGE=1",
					"DEBUG=1",
				);
				MACOSX_DEPLOYMENT_TARGET = 10.10;
				ONLY_ACTIVE_ARCH = YES;
				OTHER_SWIFT_FLAGS = "$(inherited) -DXcode";
				PRODUCT_NAME = "$(TARGET_NAME)";
				SDKROOT = macosx;
				SUPPORTED_PLATFORMS = "macosx iphoneos iphonesimulator appletvos appletvsimulator watchos watchsimulator";
				SWIFT_ACTIVE_COMPILATION_CONDITIONS = "$(inherited) SWIFT_PACKAGE DEBUG";
				SWIFT_OPTIMIZATION_LEVEL = "-Onone";
				USE_HEADERMAP = NO;
			};
			name = Debug;
		};
		OBJ_4 /* Release */ = {
			isa = XCBuildConfiguration;
			buildSettings = {
				CLANG_ENABLE_OBJC_ARC = YES;
				COMBINE_HIDPI_IMAGES = YES;
				COPY_PHASE_STRIP = YES;
				DEBUG_INFORMATION_FORMAT = "dwarf-with-dsym";
				DYLIB_INSTALL_NAME_BASE = "@rpath";
				GCC_OPTIMIZATION_LEVEL = s;
				GCC_PREPROCESSOR_DEFINITIONS = (
					"$(inherited)",
					"SWIFT_PACKAGE=1",
				);
				MACOSX_DEPLOYMENT_TARGET = 10.10;
				OTHER_SWIFT_FLAGS = "$(inherited) -DXcode";
				PRODUCT_NAME = "$(TARGET_NAME)";
				SDKROOT = macosx;
				SUPPORTED_PLATFORMS = "macosx iphoneos iphonesimulator appletvos appletvsimulator watchos watchsimulator";
				SWIFT_ACTIVE_COMPILATION_CONDITIONS = "$(inherited) SWIFT_PACKAGE";
				SWIFT_OPTIMIZATION_LEVEL = "-Owholemodule";
				USE_HEADERMAP = NO;
			};
			name = Release;
		};
		OBJ_53 /* Debug */ = {
			isa = XCBuildConfiguration;
			buildSettings = {
				ENABLE_TESTABILITY = YES;
				FRAMEWORK_SEARCH_PATHS = (
					"$(inherited)",
					"$(PLATFORM_DIR)/Developer/Library/Frameworks",
				);
				HEADER_SEARCH_PATHS = "$(inherited)";
				INFOPLIST_FILE = SwiftPM/Macduff.xcodeproj/Macduff_Info.plist;
				IPHONEOS_DEPLOYMENT_TARGET = 13.0;
				LD_RUNPATH_SEARCH_PATHS = "$(inherited) $(TOOLCHAIN_DIR)/usr/lib/swift/macosx";
				MACOSX_DEPLOYMENT_TARGET = 10.10;
				OTHER_CFLAGS = "$(inherited)";
				OTHER_LDFLAGS = "$(inherited)";
				OTHER_SWIFT_FLAGS = "$(inherited)";
				PRODUCT_BUNDLE_IDENTIFIER = Macduff;
				PRODUCT_MODULE_NAME = "$(TARGET_NAME:c99extidentifier)";
				PRODUCT_NAME = "$(TARGET_NAME:c99extidentifier)";
				SKIP_INSTALL = YES;
				SWIFT_ACTIVE_COMPILATION_CONDITIONS = "$(inherited)";
				SWIFT_VERSION = 5.0;
				TARGET_NAME = Macduff;
				TVOS_DEPLOYMENT_TARGET = 9.0;
				WATCHOS_DEPLOYMENT_TARGET = 2.0;
			};
			name = Debug;
		};
		OBJ_54 /* Release */ = {
			isa = XCBuildConfiguration;
			buildSettings = {
				ENABLE_TESTABILITY = YES;
				FRAMEWORK_SEARCH_PATHS = (
					"$(inherited)",
					"$(PLATFORM_DIR)/Developer/Library/Frameworks",
				);
				HEADER_SEARCH_PATHS = "$(inherited)";
				INFOPLIST_FILE = SwiftPM/Macduff.xcodeproj/Macduff_Info.plist;
				IPHONEOS_DEPLOYMENT_TARGET = 13.0;
				LD_RUNPATH_SEARCH_PATHS = "$(inherited) $(TOOLCHAIN_DIR)/usr/lib/swift/macosx";
				MACOSX_DEPLOYMENT_TARGET = 10.10;
				OTHER_CFLAGS = "$(inherited)";
				OTHER_LDFLAGS = "$(inherited)";
				OTHER_SWIFT_FLAGS = "$(inherited)";
				PRODUCT_BUNDLE_IDENTIFIER = Macduff;
				PRODUCT_MODULE_NAME = "$(TARGET_NAME:c99extidentifier)";
				PRODUCT_NAME = "$(TARGET_NAME:c99extidentifier)";
				SKIP_INSTALL = YES;
				SWIFT_ACTIVE_COMPILATION_CONDITIONS = "$(inherited)";
				SWIFT_VERSION = 5.0;
				TARGET_NAME = Macduff;
				TVOS_DEPLOYMENT_TARGET = 9.0;
				WATCHOS_DEPLOYMENT_TARGET = 2.0;
			};
			name = Release;
		};
		OBJ_81 /* Debug */ = {
			isa = XCBuildConfiguration;
			buildSettings = {
				LD = /usr/bin/true;
				OTHER_SWIFT_FLAGS = "-swift-version 5 -I $(TOOLCHAIN_DIR)/usr/lib/swift/pm/4_2 -target x86_64-apple-macosx10.10 -sdk /Applications/Xcode-beta.app/Contents/Developer/Platforms/MacOSX.platform/Developer/SDKs/MacOSX10.15.sdk -package-description-version 5.1";
				SWIFT_VERSION = 5.0;
			};
			name = Debug;
		};
		OBJ_82 /* Release */ = {
			isa = XCBuildConfiguration;
			buildSettings = {
				LD = /usr/bin/true;
				OTHER_SWIFT_FLAGS = "-swift-version 5 -I $(TOOLCHAIN_DIR)/usr/lib/swift/pm/4_2 -target x86_64-apple-macosx10.10 -sdk /Applications/Xcode-beta.app/Contents/Developer/Platforms/MacOSX.platform/Developer/SDKs/MacOSX10.15.sdk -package-description-version 5.1";
				SWIFT_VERSION = 5.0;
			};
			name = Release;
		};
/* End XCBuildConfiguration section */

/* Begin XCConfigurationList section */
		OBJ_2 /* Build configuration list for PBXProject "Macduff" */ = {
			isa = XCConfigurationList;
			buildConfigurations = (
				OBJ_3 /* Debug */,
				OBJ_4 /* Release */,
			);
			defaultConfigurationIsVisible = 0;
			defaultConfigurationName = Release;
		};
		OBJ_52 /* Build configuration list for PBXNativeTarget "Macduff" */ = {
			isa = XCConfigurationList;
			buildConfigurations = (
				OBJ_53 /* Debug */,
				OBJ_54 /* Release */,
			);
			defaultConfigurationIsVisible = 0;
			defaultConfigurationName = Release;
		};
		OBJ_80 /* Build configuration list for PBXNativeTarget "MacduffPackageDescription" */ = {
			isa = XCConfigurationList;
			buildConfigurations = (
				OBJ_81 /* Debug */,
				OBJ_82 /* Release */,
			);
			defaultConfigurationIsVisible = 0;
			defaultConfigurationName = Release;
		};
/* End XCConfigurationList section */
	};
	rootObject = OBJ_1 /* Project object */;
}
