// !$*UTF8*$!
{
	archiveVersion = 1;
	classes = {
	};
	objectVersion = 50;
	objects = {

/* Begin PBXBuildFile section */
		EDCD9C39232133E2009A17DB /* AppDelegate.swift in Sources */ = {isa = PBXBuildFile; fileRef = EDCD9C38232133E2009A17DB /* AppDelegate.swift */; };
		EDCD9C3B232133E2009A17DB /* ContentView.swift in Sources */ = {isa = PBXBuildFile; fileRef = EDCD9C3A232133E2009A17DB /* ContentView.swift */; };
		EDCD9C3D232133E4009A17DB /* Assets.xcassets in Resources */ = {isa = PBXBuildFile; fileRef = EDCD9C3C232133E4009A17DB /* Assets.xcassets */; };
		EDCD9C40232133E4009A17DB /* Preview Assets.xcassets in Resources */ = {isa = PBXBuildFile; fileRef = EDCD9C3F232133E4009A17DB /* Preview Assets.xcassets */; };
		EDCD9C43232133E4009A17DB /* LaunchScreen.storyboard in Resources */ = {isa = PBXBuildFile; fileRef = EDCD9C41232133E4009A17DB /* LaunchScreen.storyboard */; };
		EDCD9C4C2321346F009A17DB /* Macduff.framework in Frameworks */ = {isa = PBXBuildFile; fileRef = EDCD9C4B2321346E009A17DB /* Macduff.framework */; };
		EDCD9C4D2321346F009A17DB /* Macduff.framework in Embed Frameworks */ = {isa = PBXBuildFile; fileRef = EDCD9C4B2321346E009A17DB /* Macduff.framework */; settings = {ATTRIBUTES = (CodeSignOnCopy, RemoveHeadersOnCopy, ); }; };
/* End PBXBuildFile section */

/* Begin PBXCopyFilesBuildPhase section */
		EDCD9C4E2321346F009A17DB /* Embed Frameworks */ = {
			isa = PBXCopyFilesBuildPhase;
			buildActionMask = 2147483647;
			dstPath = "";
			dstSubfolderSpec = 10;
			files = (
				EDCD9C4D2321346F009A17DB /* Macduff.framework in Embed Frameworks */,
			);
			name = "Embed Frameworks";
			runOnlyForDeploymentPostprocessing = 0;
		};
/* End PBXCopyFilesBuildPhase section */

/* Begin PBXFileReference section */
		EDCD9C35232133E2009A17DB /* Example-tvOS.app */ = {isa = PBXFileReference; explicitFileType = wrapper.application; includeInIndex = 0; path = "Example-tvOS.app"; sourceTree = BUILT_PRODUCTS_DIR; };
		EDCD9C38232133E2009A17DB /* AppDelegate.swift */ = {isa = PBXFileReference; lastKnownFileType = sourcecode.swift; path = AppDelegate.swift; sourceTree = "<group>"; };
		EDCD9C3A232133E2009A17DB /* ContentView.swift */ = {isa = PBXFileReference; lastKnownFileType = sourcecode.swift; path = ContentView.swift; sourceTree = "<group>"; };
		EDCD9C3C232133E4009A17DB /* Assets.xcassets */ = {isa = PBXFileReference; lastKnownFileType = folder.assetcatalog; path = Assets.xcassets; sourceTree = "<group>"; };
		EDCD9C3F232133E4009A17DB /* Preview Assets.xcassets */ = {isa = PBXFileReference; lastKnownFileType = folder.assetcatalog; path = "Preview Assets.xcassets"; sourceTree = "<group>"; };
		EDCD9C42232133E4009A17DB /* Base */ = {isa = PBXFileReference; lastKnownFileType = file.storyboard; name = Base; path = Base.lproj/LaunchScreen.storyboard; sourceTree = "<group>"; };
		EDCD9C44232133E4009A17DB /* Info.plist */ = {isa = PBXFileReference; lastKnownFileType = text.plist.xml; path = Info.plist; sourceTree = "<group>"; };
		EDCD9C4B2321346E009A17DB /* Macduff.framework */ = {isa = PBXFileReference; lastKnownFileType = wrapper.framework; name = Macduff.framework; path = ../../Carthage/Build/tvOS/Macduff.framework; sourceTree = "<group>"; };
/* End PBXFileReference section */

/* Begin PBXFrameworksBuildPhase section */
		EDCD9C32232133E2009A17DB /* Frameworks */ = {
			isa = PBXFrameworksBuildPhase;
			buildActionMask = 2147483647;
			files = (
				EDCD9C4C2321346F009A17DB /* Macduff.framework in Frameworks */,
			);
			runOnlyForDeploymentPostprocessing = 0;
		};
/* End PBXFrameworksBuildPhase section */

/* Begin PBXGroup section */
		EDCD9C2C232133E2009A17DB = {
			isa = PBXGroup;
			children = (
				EDCD9C37232133E2009A17DB /* Example-tvOS */,
				EDCD9C36232133E2009A17DB /* Products */,
				EDCD9C4A2321346E009A17DB /* Frameworks */,
			);
			sourceTree = "<group>";
		};
		EDCD9C36232133E2009A17DB /* Products */ = {
			isa = PBXGroup;
			children = (
				EDCD9C35232133E2009A17DB /* Example-tvOS.app */,
			);
			name = Products;
			sourceTree = "<group>";
		};
		EDCD9C37232133E2009A17DB /* Example-tvOS */ = {
			isa = PBXGroup;
			children = (
				EDCD9C38232133E2009A17DB /* AppDelegate.swift */,
				EDCD9C3A232133E2009A17DB /* ContentView.swift */,
				EDCD9C3C232133E4009A17DB /* Assets.xcassets */,
				EDCD9C41232133E4009A17DB /* LaunchScreen.storyboard */,
				EDCD9C44232133E4009A17DB /* Info.plist */,
				EDCD9C3E232133E4009A17DB /* Preview Content */,
			);
			path = "Example-tvOS";
			sourceTree = "<group>";
		};
		EDCD9C3E232133E4009A17DB /* Preview Content */ = {
			isa = PBXGroup;
			children = (
				EDCD9C3F232133E4009A17DB /* Preview Assets.xcassets */,
			);
			path = "Preview Content";
			sourceTree = "<group>";
		};
		EDCD9C4A2321346E009A17DB /* Frameworks */ = {
			isa = PBXGroup;
			children = (
				EDCD9C4B2321346E009A17DB /* Macduff.framework */,
			);
			name = Frameworks;
			sourceTree = "<group>";
		};
/* End PBXGroup section */

/* Begin PBXNativeTarget section */
		EDCD9C34232133E2009A17DB /* Example-tvOS */ = {
			isa = PBXNativeTarget;
			buildConfigurationList = EDCD9C47232133E4009A17DB /* Build configuration list for PBXNativeTarget "Example-tvOS" */;
			buildPhases = (
				EDCD9C31232133E2009A17DB /* Sources */,
				EDCD9C32232133E2009A17DB /* Frameworks */,
				EDCD9C33232133E2009A17DB /* Resources */,
				EDCD9C4E2321346F009A17DB /* Embed Frameworks */,
			);
			buildRules = (
			);
			dependencies = (
			);
			name = "Example-tvOS";
			productName = "Example-tvOS";
			productReference = EDCD9C35232133E2009A17DB /* Example-tvOS.app */;
			productType = "com.apple.product-type.application";
		};
/* End PBXNativeTarget section */

/* Begin PBXProject section */
		EDCD9C2D232133E2009A17DB /* Project object */ = {
			isa = PBXProject;
			attributes = {
				LastSwiftUpdateCheck = 1100;
				LastUpgradeCheck = 1100;
				ORGANIZATIONNAME = "Koji Murata";
				TargetAttributes = {
					EDCD9C34232133E2009A17DB = {
						CreatedOnToolsVersion = 11.0;
					};
				};
			};
			buildConfigurationList = EDCD9C30232133E2009A17DB /* Build configuration list for PBXProject "Example-tvOS" */;
			compatibilityVersion = "Xcode 9.3";
			developmentRegion = en;
			hasScannedForEncodings = 0;
			knownRegions = (
				en,
				Base,
			);
			mainGroup = EDCD9C2C232133E2009A17DB;
			productRefGroup = EDCD9C36232133E2009A17DB /* Products */;
			projectDirPath = "";
			projectRoot = "";
			targets = (
				EDCD9C34232133E2009A17DB /* Example-tvOS */,
			);
		};
/* End PBXProject section */

/* Begin PBXResourcesBuildPhase section */
		EDCD9C33232133E2009A17DB /* Resources */ = {
			isa = PBXResourcesBuildPhase;
			buildActionMask = 2147483647;
			files = (
				EDCD9C43232133E4009A17DB /* LaunchScreen.storyboard in Resources */,
				EDCD9C40232133E4009A17DB /* Preview Assets.xcassets in Resources */,
				EDCD9C3D232133E4009A17DB /* Assets.xcassets in Resources */,
			);
			runOnlyForDeploymentPostprocessing = 0;
		};
/* End PBXResourcesBuildPhase section */

/* Begin PBXSourcesBuildPhase section */
		EDCD9C31232133E2009A17DB /* Sources */ = {
			isa = PBXSourcesBuildPhase;
			buildActionMask = 2147483647;
			files = (
				EDCD9C3B232133E2009A17DB /* ContentView.swift in Sources */,
				EDCD9C39232133E2009A17DB /* AppDelegate.swift in Sources */,
			);
			runOnlyForDeploymentPostprocessing = 0;
		};
/* End PBXSourcesBuildPhase section */

/* Begin PBXVariantGroup section */
		EDCD9C41232133E4009A17DB /* LaunchScreen.storyboard */ = {
			isa = PBXVariantGroup;
			children = (
				EDCD9C42232133E4009A17DB /* Base */,
			);
			name = LaunchScreen.storyboard;
			sourceTree = "<group>";
		};
/* End PBXVariantGroup section */

/* Begin XCBuildConfiguration section */
		EDCD9C45232133E4009A17DB /* Debug */ = {
			isa = XCBuildConfiguration;
			buildSettings = {
				ALWAYS_SEARCH_USER_PATHS = NO;
				CLANG_ANALYZER_NONNULL = YES;
				CLANG_ANALYZER_NUMBER_OBJECT_CONVERSION = YES_AGGRESSIVE;
				CLANG_CXX_LANGUAGE_STANDARD = "gnu++14";
				CLANG_CXX_LIBRARY = "libc++";
				CLANG_ENABLE_MODULES = YES;
				CLANG_ENABLE_OBJC_ARC = YES;
				CLANG_ENABLE_OBJC_WEAK = YES;
				CLANG_WARN_BLOCK_CAPTURE_AUTORELEASING = YES;
				CLANG_WARN_BOOL_CONVERSION = YES;
				CLANG_WARN_COMMA = YES;
				CLANG_WARN_CONSTANT_CONVERSION = YES;
				CLANG_WARN_DEPRECATED_OBJC_IMPLEMENTATIONS = YES;
				CLANG_WARN_DIRECT_OBJC_ISA_USAGE = YES_ERROR;
				CLANG_WARN_DOCUMENTATION_COMMENTS = YES;
				CLANG_WARN_EMPTY_BODY = YES;
				CLANG_WARN_ENUM_CONVERSION = YES;
				CLANG_WARN_INFINITE_RECURSION = YES;
				CLANG_WARN_INT_CONVERSION = YES;
				CLANG_WARN_NON_LITERAL_NULL_CONVERSION = YES;
				CLANG_WARN_OBJC_IMPLICIT_RETAIN_SELF = YES;
				CLANG_WARN_OBJC_LITERAL_CONVERSION = YES;
				CLANG_WARN_OBJC_ROOT_CLASS = YES_ERROR;
				CLANG_WARN_RANGE_LOOP_ANALYSIS = YES;
				CLANG_WARN_STRICT_PROTOTYPES = YES;
				CLANG_WARN_SUSPICIOUS_MOVE = YES;
				CLANG_WARN_UNGUARDED_AVAILABILITY = YES_AGGRESSIVE;
				CLANG_WARN_UNREACHABLE_CODE = YES;
				CLANG_WARN__DUPLICATE_METHOD_MATCH = YES;
				COPY_PHASE_STRIP = NO;
				DEBUG_INFORMATION_FORMAT = dwarf;
				ENABLE_STRICT_OBJC_MSGSEND = YES;
				ENABLE_TESTABILITY = YES;
				GCC_C_LANGUAGE_STANDARD = gnu11;
				GCC_DYNAMIC_NO_PIC = NO;
				GCC_NO_COMMON_BLOCKS = YES;
				GCC_OPTIMIZATION_LEVEL = 0;
				GCC_PREPROCESSOR_DEFINITIONS = (
					"DEBUG=1",
					"$(inherited)",
				);
				GCC_WARN_64_TO_32_BIT_CONVERSION = YES;
				GCC_WARN_ABOUT_RETURN_TYPE = YES_ERROR;
				GCC_WARN_UNDECLARED_SELECTOR = YES;
				GCC_WARN_UNINITIALIZED_AUTOS = YES_AGGRESSIVE;
				GCC_WARN_UNUSED_FUNCTION = YES;
				GCC_WARN_UNUSED_VARIABLE = YES;
				MTL_ENABLE_DEBUG_INFO = INCLUDE_SOURCE;
				MTL_FAST_MATH = YES;
				ONLY_ACTIVE_ARCH = YES;
				SDKROOT = appletvos;
				SWIFT_ACTIVE_COMPILATION_CONDITIONS = DEBUG;
				SWIFT_OPTIMIZATION_LEVEL = "-Onone";
				TVOS_DEPLOYMENT_TARGET = 13.0;
			};
			name = Debug;
		};
		EDCD9C46232133E4009A17DB /* Release */ = {
			isa = XCBuildConfiguration;
			buildSettings = {
				ALWAYS_SEARCH_USER_PATHS = NO;
				CLANG_ANALYZER_NONNULL = YES;
				CLANG_ANALYZER_NUMBER_OBJECT_CONVERSION = YES_AGGRESSIVE;
				CLANG_CXX_LANGUAGE_STANDARD = "gnu++14";
				CLANG_CXX_LIBRARY = "libc++";
				CLANG_ENABLE_MODULES = YES;
				CLANG_ENABLE_OBJC_ARC = YES;
				CLANG_ENABLE_OBJC_WEAK = YES;
				CLANG_WARN_BLOCK_CAPTURE_AUTORELEASING = YES;
				CLANG_WARN_BOOL_CONVERSION = YES;
				CLANG_WARN_COMMA = YES;
				CLANG_WARN_CONSTANT_CONVERSION = YES;
				CLANG_WARN_DEPRECATED_OBJC_IMPLEMENTATIONS = YES;
				CLANG_WARN_DIRECT_OBJC_ISA_USAGE = YES_ERROR;
				CLANG_WARN_DOCUMENTATION_COMMENTS = YES;
				CLANG_WARN_EMPTY_BODY = YES;
				CLANG_WARN_ENUM_CONVERSION = YES;
				CLANG_WARN_INFINITE_RECURSION = YES;
				CLANG_WARN_INT_CONVERSION = YES;
				CLANG_WARN_NON_LITERAL_NULL_CONVERSION = YES;
				CLANG_WARN_OBJC_IMPLICIT_RETAIN_SELF = YES;
				CLANG_WARN_OBJC_LITERAL_CONVERSION = YES;
				CLANG_WARN_OBJC_ROOT_CLASS = YES_ERROR;
				CLANG_WARN_RANGE_LOOP_ANALYSIS = YES;
				CLANG_WARN_STRICT_PROTOTYPES = YES;
				CLANG_WARN_SUSPICIOUS_MOVE = YES;
				CLANG_WARN_UNGUARDED_AVAILABILITY = YES_AGGRESSIVE;
				CLANG_WARN_UNREACHABLE_CODE = YES;
				CLANG_WARN__DUPLICATE_METHOD_MATCH = YES;
				COPY_PHASE_STRIP = NO;
				DEBUG_INFORMATION_FORMAT = "dwarf-with-dsym";
				ENABLE_NS_ASSERTIONS = NO;
				ENABLE_STRICT_OBJC_MSGSEND = YES;
				GCC_C_LANGUAGE_STANDARD = gnu11;
				GCC_NO_COMMON_BLOCKS = YES;
				GCC_WARN_64_TO_32_BIT_CONVERSION = YES;
				GCC_WARN_ABOUT_RETURN_TYPE = YES_ERROR;
				GCC_WARN_UNDECLARED_SELECTOR = YES;
				GCC_WARN_UNINITIALIZED_AUTOS = YES_AGGRESSIVE;
				GCC_WARN_UNUSED_FUNCTION = YES;
				GCC_WARN_UNUSED_VARIABLE = YES;
				MTL_ENABLE_DEBUG_INFO = NO;
				MTL_FAST_MATH = YES;
				SDKROOT = appletvos;
				SWIFT_COMPILATION_MODE = wholemodule;
				SWIFT_OPTIMIZATION_LEVEL = "-O";
				TVOS_DEPLOYMENT_TARGET = 13.0;
				VALIDATE_PRODUCT = YES;
			};
			name = Release;
		};
		EDCD9C48232133E4009A17DB /* Debug */ = {
			isa = XCBuildConfiguration;
			buildSettings = {
				ASSETCATALOG_COMPILER_APPICON_NAME = "App Icon & Top Shelf Image";
				CODE_SIGN_STYLE = Automatic;
				DEVELOPMENT_ASSET_PATHS = "\"Example-tvOS/Preview Content\"";
				ENABLE_PREVIEWS = YES;
				FRAMEWORK_SEARCH_PATHS = "$(PROJECT_DIR)/../../Carthage/Build/tvOS";
				INFOPLIST_FILE = "Example-tvOS/Info.plist";
				LD_RUNPATH_SEARCH_PATHS = (
					"$(inherited)",
					"@executable_path/Frameworks",
				);
				PRODUCT_BUNDLE_IDENTIFIER = "com.malt03.Example-tvOS";
				PRODUCT_NAME = "$(TARGET_NAME)";
				SWIFT_VERSION = 5.0;
				TARGETED_DEVICE_FAMILY = 3;
			};
			name = Debug;
		};
		EDCD9C49232133E4009A17DB /* Release */ = {
			isa = XCBuildConfiguration;
			buildSettings = {
				ASSETCATALOG_COMPILER_APPICON_NAME = "App Icon & Top Shelf Image";
				CODE_SIGN_STYLE = Automatic;
				DEVELOPMENT_ASSET_PATHS = "\"Example-tvOS/Preview Content\"";
				ENABLE_PREVIEWS = YES;
				FRAMEWORK_SEARCH_PATHS = "$(PROJECT_DIR)/../../Carthage/Build/tvOS";
				INFOPLIST_FILE = "Example-tvOS/Info.plist";
				LD_RUNPATH_SEARCH_PATHS = (
					"$(inherited)",
					"@executable_path/Frameworks",
				);
				PRODUCT_BUNDLE_IDENTIFIER = "com.malt03.Example-tvOS";
				PRODUCT_NAME = "$(TARGET_NAME)";
				SWIFT_VERSION = 5.0;
				TARGETED_DEVICE_FAMILY = 3;
			};
			name = Release;
		};
/* End XCBuildConfiguration section */

/* Begin XCConfigurationList section */
		EDCD9C30232133E2009A17DB /* Build configuration list for PBXProject "Example-tvOS" */ = {
			isa = XCConfigurationList;
			buildConfigurations = (
				EDCD9C45232133E4009A17DB /* Debug */,
				EDCD9C46232133E4009A17DB /* Release */,
			);
			defaultConfigurationIsVisible = 0;
			defaultConfigurationName = Release;
		};
		EDCD9C47232133E4009A17DB /* Build configuration list for PBXNativeTarget "Example-tvOS" */ = {
			isa = XCConfigurationList;
			buildConfigurations = (
				EDCD9C48232133E4009A17DB /* Debug */,
				EDCD9C49232133E4009A17DB /* Release */,
			);
			defaultConfigurationIsVisible = 0;
			defaultConfigurationName = Release;
		};
/* End XCConfigurationList section */
	};
	rootObject = EDCD9C2D232133E2009A17DB /* Project object */;
}
